
Microsoft Visual Studio Solution File, Format Version 12.00
# Visual Studio Version 17
VisualStudioVersion = 17.11.35312.102
MinimumVisualStudioVersion = 10.0.40219.1
Project("{9A19103F-16F7-4668-BE54-9A1E7A4F7556}") = "EventsWebApplication", "EventsWebApplication\EventsWebApplication.csproj", "{3D6C4057-C27B-4AF5-B2CE-6138E39830A7}"
EndProject
Project("{9A19103F-16F7-4668-BE54-9A1E7A4F7556}") = "EventsWebApplication.Data", "EventsWebApplication.Data\EventsWebApplication.Data.csproj", "{DF117407-6211-461B-AD19-BED9461515C7}"
EndProject
Project("{9A19103F-16F7-4668-BE54-9A1E7A4F7556}") = "EventsWebApplication.BL", "EventsWebApplication.BL\EventsWebApplication.BL.csproj", "{5BEF03C6-DE07-4046-AA41-7CE94585966F}"
EndProject
Project("{2150E333-8FDC-42A3-9474-1A3956D46DE8}") = "Tests", "Tests", "{2661F7B2-746A-471C-8E90-54B2E0BCDFB1}"
EndProject
Project("{9A19103F-16F7-4668-BE54-9A1E7A4F7556}") = "EventWebApplication.Tests", "EventWebApplication.Tests\EventWebApplication.Tests.csproj", "{5DBB5006-6DFB-4577-955C-510E925F459C}"
EndProject
Project("{9A19103F-16F7-4668-BE54-9A1E7A4F7556}") = "EventWebApplication.IntegrationTests", "EventWebApplication.IntegrationTests\EventWebApplication.IntegrationTests.csproj", "{CE6A0B0D-8800-498F-AE08-52A052DF2EE0}"
EndProject
Global
	GlobalSection(SolutionConfigurationPlatforms) = preSolution
		Debug|Any CPU = Debug|Any CPU
		Release|Any CPU = Release|Any CPU
	EndGlobalSection
	GlobalSection(ProjectConfigurationPlatforms) = postSolution
		{3D6C4057-C27B-4AF5-B2CE-6138E39830A7}.Debug|Any CPU.ActiveCfg = Debug|Any CPU
		{3D6C4057-C27B-4AF5-B2CE-6138E39830A7}.Debug|Any CPU.Build.0 = Debug|Any CPU
		{3D6C4057-C27B-4AF5-B2CE-6138E39830A7}.Release|Any CPU.ActiveCfg = Release|Any CPU
		{3D6C4057-C27B-4AF5-B2CE-6138E39830A7}.Release|Any CPU.Build.0 = Release|Any CPU
		{DF117407-6211-461B-AD19-BED9461515C7}.Debug|Any CPU.ActiveCfg = Debug|Any CPU
		{DF117407-6211-461B-AD19-BED9461515C7}.Debug|Any CPU.Build.0 = Debug|Any CPU
		{DF117407-6211-461B-AD19-BED9461515C7}.Release|Any CPU.ActiveCfg = Release|Any CPU
		{DF117407-6211-461B-AD19-BED9461515C7}.Release|Any CPU.Build.0 = Release|Any CPU
		{5BEF03C6-DE07-4046-AA41-7CE94585966F}.Debug|Any CPU.ActiveCfg = Debug|Any CPU
		{5BEF03C6-DE07-4046-AA41-7CE94585966F}.Debug|Any CPU.Build.0 = Debug|Any CPU
		{5BEF03C6-DE07-4046-AA41-7CE94585966F}.Release|Any CPU.ActiveCfg = Release|Any CPU
		{5BEF03C6-DE07-4046-AA41-7CE94585966F}.Release|Any CPU.Build.0 = Release|Any CPU
		{5DBB5006-6DFB-4577-955C-510E925F459C}.Debug|Any CPU.ActiveCfg = Debug|Any CPU
		{5DBB5006-6DFB-4577-955C-510E925F459C}.Debug|Any CPU.Build.0 = Debug|Any CPU
		{5DBB5006-6DFB-4577-955C-510E925F459C}.Release|Any CPU.ActiveCfg = Release|Any CPU
		{5DBB5006-6DFB-4577-955C-510E925F459C}.Release|Any CPU.Build.0 = Release|Any CPU
		{CE6A0B0D-8800-498F-AE08-52A052DF2EE0}.Debug|Any CPU.ActiveCfg = Debug|Any CPU
		{CE6A0B0D-8800-498F-AE08-52A052DF2EE0}.Debug|Any CPU.Build.0 = Debug|Any CPU
		{CE6A0B0D-8800-498F-AE08-52A052DF2EE0}.Release|Any CPU.ActiveCfg = Release|Any CPU
		{CE6A0B0D-8800-498F-AE08-52A052DF2EE0}.Release|Any CPU.Build.0 = Release|Any CPU
	EndGlobalSection
	GlobalSection(SolutionProperties) = preSolution
		HideSolutionNode = FALSE
	EndGlobalSection
	GlobalSection(NestedProjects) = preSolution
		{5DBB5006-6DFB-4577-955C-510E925F459C} = {2661F7B2-746A-471C-8E90-54B2E0BCDFB1}
		{CE6A0B0D-8800-498F-AE08-52A052DF2EE0} = {2661F7B2-746A-471C-8E90-54B2E0BCDFB1}
	EndGlobalSection
	GlobalSection(ExtensibilityGlobals) = postSolution
		SolutionGuid = {9537295E-EE14-4A0D-A812-B0653CD6E940}
	EndGlobalSection
EndGlobal
