
Microsoft Visual Studio Solution File, Format Version 12.00
# Visual Studio Version 17
VisualStudioVersion = 17.11.35312.102
MinimumVisualStudioVersion = 10.0.40219.1
Project("{FAE04EC0-301F-11D3-BF4B-00C04F79EFBC}") = "EventsWebApplication", "EventsWebApplication\EventsWebApplication.csproj", "{3D6C4057-C27B-4AF5-B2CE-6138E39830A7}"
EndProject
Project("{FAE04EC0-301F-11D3-BF4B-00C04F79EFBC}") = "EventsWebApplication.Data", "EventsWebApplication.Data\EventsWebApplication.Data.csproj", "{DF117407-6211-461B-AD19-BED9461515C7}"
EndProject
Project("{FAE04EC0-301F-11D3-BF4B-00C04F79EFBC}") = "EventsWebApplication.BL", "EventsWebApplication.BL\EventsWebApplication.BL.csproj", "{5BEF03C6-DE07-4046-AA41-7CE94585966F}"
EndProject
Global
	GlobalSection(SolutionConfigurationPlatforms) = preSolution
		Debug|Any CPU = Debug|Any CPU
		Release|Any CPU = Release|Any CPU
	EndGlobalSection
	GlobalSection(ProjectConfigurationPlatforms) = postSolution
		{3D6C4057-C27B-4AF5-B2CE-6138E39830A7}.Debug|Any CPU.ActiveCfg = Debug|Any CPU
		{3D6C4057-C27B-4AF5-B2CE-6138E39830A7}.Debug|Any CPU.Build.0 = Debug|Any CPU
		{3D6C4057-C27B-4AF5-B2CE-6138E39830A7}.Release|Any CPU.ActiveCfg = Release|Any CPU
		{3D6C4057-C27B-4AF5-B2CE-6138E39830A7}.Release|Any CPU.Build.0 = Release|Any CPU
		{DF117407-6211-461B-AD19-BED9461515C7}.Debug|Any CPU.ActiveCfg = Debug|Any CPU
		{DF117407-6211-461B-AD19-BED9461515C7}.Debug|Any CPU.Build.0 = Debug|Any CPU
		{DF117407-6211-461B-AD19-BED9461515C7}.Release|Any CPU.ActiveCfg = Release|Any CPU
		{DF117407-6211-461B-AD19-BED9461515C7}.Release|Any CPU.Build.0 = Release|Any CPU
		{5BEF03C6-DE07-4046-AA41-7CE94585966F}.Debug|Any CPU.ActiveCfg = Debug|Any CPU
		{5BEF03C6-DE07-4046-AA41-7CE94585966F}.Debug|Any CPU.Build.0 = Debug|Any CPU
		{5BEF03C6-DE07-4046-AA41-7CE94585966F}.Release|Any CPU.ActiveCfg = Release|Any CPU
		{5BEF03C6-DE07-4046-AA41-7CE94585966F}.Release|Any CPU.Build.0 = Release|Any CPU
	EndGlobalSection
	GlobalSection(SolutionProperties) = preSolution
		HideSolutionNode = FALSE
	EndGlobalSection
	GlobalSection(ExtensibilityGlobals) = postSolution
		SolutionGuid = {9537295E-EE14-4A0D-A812-B0653CD6E940}
	EndGlobalSection
EndGlobal
